
Microsoft Visual Studio Solution File, Format Version 12.00
# Visual Studio 2017
Project("{FAE04EC0-301F-11D3-BF4B-00C04F79EFBC}") = "FYP_v3.Plugins", "FYP_v3.Plugins.csproj", "{A2ACCD64-8806-53FB-501B-01C72B326A5A}"
EndProject
Project("{FAE04EC0-301F-11D3-BF4B-00C04F79EFBC}") = "FYP_v3", "FYP_v3.csproj", "{8D6DCF60-BDE3-B628-17EB-8862C0412FA2}"
EndProject
Project("{FAE04EC0-301F-11D3-BF4B-00C04F79EFBC}") = "FYP_v3.Editor", "FYP_v3.Editor.csproj", "{66EB921B-4F1F-43B9-F9FE-DB7429C40FB2}"
EndProject
Global
	GlobalSection(SolutionConfigurationPlatforms) = preSolution
		Debug|Any CPU = Debug|Any CPU
		Release|Any CPU = Release|Any CPU
	EndGlobalSection
	GlobalSection(ProjectConfigurationPlatforms) = postSolution
		{A2ACCD64-8806-53FB-501B-01C72B326A5A}.Debug|Any CPU.ActiveCfg = Debug|Any CPU
		{A2ACCD64-8806-53FB-501B-01C72B326A5A}.Debug|Any CPU.Build.0 = Debug|Any CPU
		{A2ACCD64-8806-53FB-501B-01C72B326A5A}.Release|Any CPU.ActiveCfg = Release|Any CPU
		{A2ACCD64-8806-53FB-501B-01C72B326A5A}.Release|Any CPU.Build.0 = Release|Any CPU
		{8D6DCF60-BDE3-B628-17EB-8862C0412FA2}.Debug|Any CPU.ActiveCfg = Debug|Any CPU
		{8D6DCF60-BDE3-B628-17EB-8862C0412FA2}.Debug|Any CPU.Build.0 = Debug|Any CPU
		{8D6DCF60-BDE3-B628-17EB-8862C0412FA2}.Release|Any CPU.ActiveCfg = Release|Any CPU
		{8D6DCF60-BDE3-B628-17EB-8862C0412FA2}.Release|Any CPU.Build.0 = Release|Any CPU
		{66EB921B-4F1F-43B9-F9FE-DB7429C40FB2}.Debug|Any CPU.ActiveCfg = Debug|Any CPU
		{66EB921B-4F1F-43B9-F9FE-DB7429C40FB2}.Debug|Any CPU.Build.0 = Debug|Any CPU
		{66EB921B-4F1F-43B9-F9FE-DB7429C40FB2}.Release|Any CPU.ActiveCfg = Release|Any CPU
		{66EB921B-4F1F-43B9-F9FE-DB7429C40FB2}.Release|Any CPU.Build.0 = Release|Any CPU
	EndGlobalSection
	GlobalSection(SolutionProperties) = preSolution
		HideSolutionNode = FALSE
	EndGlobalSection
EndGlobal
