
Microsoft Visual Studio Solution File, Format Version 12.00
# Visual Studio 2017
Project("{FAE04EC0-301F-11D3-BF4B-00C04F79EFBC}") = "PC.Plugins", "PC.Plugins.csproj", "{82D29277-74DC-9405-97C3-CE0A12766F1C}"
EndProject
Project("{FAE04EC0-301F-11D3-BF4B-00C04F79EFBC}") = "PC", "PC.csproj", "{50247520-7A91-35AA-71FF-40E5D1E749E7}"
EndProject
Project("{FAE04EC0-301F-11D3-BF4B-00C04F79EFBC}") = "PC.Editor", "PC.Editor.csproj", "{9B960460-4610-CBE6-06A1-05A14F1D6E25}"
EndProject
Global
	GlobalSection(SolutionConfigurationPlatforms) = preSolution
		Debug|Any CPU = Debug|Any CPU
		Release|Any CPU = Release|Any CPU
	EndGlobalSection
	GlobalSection(ProjectConfigurationPlatforms) = postSolution
		{82D29277-74DC-9405-97C3-CE0A12766F1C}.Debug|Any CPU.ActiveCfg = Debug|Any CPU
		{82D29277-74DC-9405-97C3-CE0A12766F1C}.Debug|Any CPU.Build.0 = Debug|Any CPU
		{82D29277-74DC-9405-97C3-CE0A12766F1C}.Release|Any CPU.ActiveCfg = Release|Any CPU
		{82D29277-74DC-9405-97C3-CE0A12766F1C}.Release|Any CPU.Build.0 = Release|Any CPU
		{50247520-7A91-35AA-71FF-40E5D1E749E7}.Debug|Any CPU.ActiveCfg = Debug|Any CPU
		{50247520-7A91-35AA-71FF-40E5D1E749E7}.Debug|Any CPU.Build.0 = Debug|Any CPU
		{50247520-7A91-35AA-71FF-40E5D1E749E7}.Release|Any CPU.ActiveCfg = Release|Any CPU
		{50247520-7A91-35AA-71FF-40E5D1E749E7}.Release|Any CPU.Build.0 = Release|Any CPU
		{9B960460-4610-CBE6-06A1-05A14F1D6E25}.Debug|Any CPU.ActiveCfg = Debug|Any CPU
		{9B960460-4610-CBE6-06A1-05A14F1D6E25}.Debug|Any CPU.Build.0 = Debug|Any CPU
		{9B960460-4610-CBE6-06A1-05A14F1D6E25}.Release|Any CPU.ActiveCfg = Release|Any CPU
		{9B960460-4610-CBE6-06A1-05A14F1D6E25}.Release|Any CPU.Build.0 = Release|Any CPU
	EndGlobalSection
	GlobalSection(SolutionProperties) = preSolution
		HideSolutionNode = FALSE
	EndGlobalSection
EndGlobal
